
Microsoft Visual Studio Solution File, Format Version 12.00
# Visual Studio Version 17
VisualStudioVersion = 17.8.34525.116
MinimumVisualStudioVersion = 10.0.40219.1
Project("{FAE04EC0-301F-11D3-BF4B-00C04F79EFBC}") = "projeto2", "projeto2\projeto2.csproj", "{83E73D0C-2581-4BA1-B886-8F052D701661}"
EndProject
Global
	GlobalSection(SolutionConfigurationPlatforms) = preSolution
		Debug|Any CPU = Debug|Any CPU
		Release|Any CPU = Release|Any CPU
	EndGlobalSection
	GlobalSection(ProjectConfigurationPlatforms) = postSolution
		{83E73D0C-2581-4BA1-B886-8F052D701661}.Debug|Any CPU.ActiveCfg = Debug|Any CPU
		{83E73D0C-2581-4BA1-B886-8F052D701661}.Debug|Any CPU.Build.0 = Debug|Any CPU
		{83E73D0C-2581-4BA1-B886-8F052D701661}.Release|Any CPU.ActiveCfg = Release|Any CPU
		{83E73D0C-2581-4BA1-B886-8F052D701661}.Release|Any CPU.Build.0 = Release|Any CPU
	EndGlobalSection
	GlobalSection(SolutionProperties) = preSolution
		HideSolutionNode = FALSE
	EndGlobalSection
	GlobalSection(ExtensibilityGlobals) = postSolution
		SolutionGuid = {83C3A512-B4A9-4C7A-A1A2-44423FC646BB}
	EndGlobalSection
EndGlobal
